# This file is autogenerated, do not edit; changes may be undone by the next 'dep ensure'.


[[projects]]
  digest = "1:130750567b34e436b40afa5b5f443c2678ffa4b9446f63fb5cd53f80a9e8bfa8"
  name = "github.com/beito123/binary"
  packages = ["."]
  pruneopts = "UT"
  revision = "a1baac3c95b9ffc0794c6c67f8d1ea3e0b5afadc"
  version = "v3.0.1"

[[projects]]
  digest = "1:baaa09daf3d831bb770228e65d57b4b44c7df43f05b98b865842164889ab9ebd"
  name = "github.com/beito123/nbt"
  packages = ["."]
  pruneopts = "UT"
  revision = "bf4b66d0a5f069a525b569734c794695b4b12949"
  version = "v1.2.1"

[[projects]]
  branch = "master"
  digest = "1:446f04b6b59c2cfacf8e9784c431afda6708d72a7a09eaefb2ab96d2b9cf8536"
  name = "github.com/jessevdk/go-assets"
  packages = ["."]
  pruneopts = "UT"
  revision = "4f4301a06e153ff90e17793577ab6bf79f8dc5c5"

[[projects]]
  branch = "master"
  digest = "1:bb54c001bc8d92050bb6d693280463db6eb46c8f9e4a7794b0aded19444b8a9e"
  name = "github.com/jessevdk/go-assets-builder"
  packages = ["."]
  pruneopts = "UT"
  revision = "b8483521738fd2198ecfc378067a4e8a6079f8e5"

[[projects]]
  digest = "1:a2cff208d4759f6ba1b1cd228587b0a1869f95f22542ec9cd17fff64430113c7"
  name = "github.com/jessevdk/go-flags"
  packages = ["."]
  pruneopts = "UT"
  revision = "c6ca198ec95c841fdb89fc0de7496fed11ab854e"
  version = "v1.4.0"

[[projects]]
  digest = "1:0356f3312c9bd1cbeda81505b7fd437501d8e778ab66998ef69f00d7f9b3a0d7"
  name = "github.com/mattn/go-runewidth"
  packages = ["."]
  pruneopts = "UT"
  revision = "3ee7d812e62a0804a7d0a324e0249ca2db3476d3"
  version = "v0.0.4"

[[projects]]
  branch = "master"
  digest = "1:5637b3b43405643229e55140bb3049dfa7d73957ba9ecfccc31cdadbfbe0b1f9"
  name = "golang.org/x/sys"
  packages = ["unix"]
  pruneopts = "UT"
  revision = "f49334f85ddcf0f08d7fb6dd7363e9e6d6b777eb"

[[projects]]
  digest = "1:d219400f09c151f0ada918bab650ef46f7ebdb1ff4fea923fdcb839481ec7ec1"
  name = "gopkg.in/cheggaaa/pb.v1"
  packages = ["."]
  pruneopts = "UT"
  revision = "f907f6f5dd81f77c2bbc1cde92e4c5a04720cb11"
  version = "v1.0.28"

[solve-meta]
  analyzer-name = "dep"
  analyzer-version = 1
  input-imports = [
    "github.com/beito123/binary",
    "github.com/beito123/nbt",
    "github.com/jessevdk/go-assets-builder",
    "gopkg.in/cheggaaa/pb.v1",
  ]
  solver-name = "gps-cdcl"
  solver-version = 1
